// !$*UTF8*$!
{
	archiveVersion = 1;
	classes = {
	};
	objectVersion = 60;
	objects = {

/* Begin PBXBuildFile section */
		7A01525F2D8B4FB500361E17 /* numeroRandom.swift in Sources */ = {isa = PBXBuildFile; fileRef = 7A01525E2D8B4FB500361E17 /* numeroRandom.swift */; };
		7A1BE6572D67FC110063DC9E /* MySQLDriver in Frameworks */ = {isa = PBXBuildFile; productRef = 7A1BE6562D67FC110063DC9E /* MySQLDriver */; };
		7A22D0102DA46138004C2134 /* ReclamosView.swift in Sources */ = {isa = PBXBuildFile; fileRef = 7A22D00F2DA46138004C2134 /* ReclamosView.swift */; };
		7A27F4EE2DC15F9300EAFB94 /* tareasOs.swift in Sources */ = {isa = PBXBuildFile; fileRef = 7A27F4ED2DC15F9300EAFB94 /* tareasOs.swift */; };
		7A3ED9102DA9A3C80085619D /* OrdenesServicioView.swift in Sources */ = {isa = PBXBuildFile; fileRef = 7A3ED90F2DA9A3C80085619D /* OrdenesServicioView.swift */; };
		7A3ED9122DA9A3FE0085619D /* obtenerOS.swift in Sources */ = {isa = PBXBuildFile; fileRef = 7A3ED9112DA9A3FE0085619D /* obtenerOS.swift */; };
		7A3FDCEA2D7B5AF9002858CE /* ReciboSueldosView.swift in Sources */ = {isa = PBXBuildFile; fileRef = 7A3FDCE92D7B5AF9002858CE /* ReciboSueldosView.swift */; };
		7A3FDCEC2D7B5D55002858CE /* obtenerRecibos.swift in Sources */ = {isa = PBXBuildFile; fileRef = 7A3FDCEB2D7B5D55002858CE /* obtenerRecibos.swift */; };
		7A3FDCEE2D7B5FEB002858CE /* AltaReciboView.swift in Sources */ = {isa = PBXBuildFile; fileRef = 7A3FDCED2D7B5FEB002858CE /* AltaReciboView.swift */; };
		7A3FDCF02D7B844A002858CE /* SeleccionUsuarioView.swift in Sources */ = {isa = PBXBuildFile; fileRef = 7A3FDCEF2D7B844A002858CE /* SeleccionUsuarioView.swift */; };
		7A4139ED2D97415D00601EB8 /* BackButton.swift in Sources */ = {isa = PBXBuildFile; fileRef = 7A4139EC2D97415C00601EB8 /* BackButton.swift */; };
		7A4A1D362D8C8B3700C848E6 /* ConfigView.swift in Sources */ = {isa = PBXBuildFile; fileRef = 7A4A1D352D8C8B3700C848E6 /* ConfigView.swift */; };
		7A4A1D382D8C9B7900C848E6 /* WelcomeVendedorView.swift in Sources */ = {isa = PBXBuildFile; fileRef = 7A4A1D372D8C9B7900C848E6 /* WelcomeVendedorView.swift */; };
		7A50C7B82DE63C5300B4B20F /* EquiposView.swift in Sources */ = {isa = PBXBuildFile; fileRef = 7A50C7B72DE63C5300B4B20F /* EquiposView.swift */; };
		7A50C7BA2DE63E5F00B4B20F /* obtenerEquipos.swift in Sources */ = {isa = PBXBuildFile; fileRef = 7A50C7B92DE63E5F00B4B20F /* obtenerEquipos.swift */; };
		7A50C7BC2DE63F4D00B4B20F /* EquiposViewModel.swift in Sources */ = {isa = PBXBuildFile; fileRef = 7A50C7BB2DE63F4D00B4B20F /* EquiposViewModel.swift */; };
		7A50C7BE2DE6412300B4B20F /* ButtonState.swift in Sources */ = {isa = PBXBuildFile; fileRef = 7A50C7BD2DE6412300B4B20F /* ButtonState.swift */; };
		7A61A9CE2D7A1527008B70C5 /* AgendaView.swift in Sources */ = {isa = PBXBuildFile; fileRef = 7A61A9CD2D7A1527008B70C5 /* AgendaView.swift */; };
		7A61A9D02D7A210E008B70C5 /* obtenerReclamos.swift in Sources */ = {isa = PBXBuildFile; fileRef = 7A61A9CF2D7A210E008B70C5 /* obtenerReclamos.swift */; };
		7A61A9D22D7A299C008B70C5 /* PrincipalView.swift in Sources */ = {isa = PBXBuildFile; fileRef = 7A61A9D12D7A299C008B70C5 /* PrincipalView.swift */; };
		7A899F912DCE760F0041C6BE /* IngresoView.swift in Sources */ = {isa = PBXBuildFile; fileRef = 7A899F902DCE760F0041C6BE /* IngresoView.swift */; };
		7A899F932DCE78A80041C6BE /* SelectorClientesView.swift in Sources */ = {isa = PBXBuildFile; fileRef = 7A899F922DCE78A80041C6BE /* SelectorClientesView.swift */; };
		7A899F972DCE88E10041C6BE /* ListaEquiposView.swift in Sources */ = {isa = PBXBuildFile; fileRef = 7A899F962DCE88E10041C6BE /* ListaEquiposView.swift */; };
		7A8F49282D68E2F4004F3C77 /* MySQLKit in Frameworks */ = {isa = PBXBuildFile; productRef = 7A8F49272D68E2F4004F3C77 /* MySQLKit */; };
		7AA441A82DCD25BF00B57B84 /* borrarOS.swift in Sources */ = {isa = PBXBuildFile; fileRef = 7AA441A72DCD25BF00B57B84 /* borrarOS.swift */; };
		7AA441AA2DCD2FBE00B57B84 /* NuevaOS.swift in Sources */ = {isa = PBXBuildFile; fileRef = 7AA441A92DCD2FBE00B57B84 /* NuevaOS.swift */; };
		7AA441AD2DCD38A300B57B84 /* ClientesViewModel.swift in Sources */ = {isa = PBXBuildFile; fileRef = 7AA441AC2DCD38A300B57B84 /* ClientesViewModel.swift */; };
		7AA441AF2DCD3F6B00B57B84 /* HojaSeleccionarCliente.swift in Sources */ = {isa = PBXBuildFile; fileRef = 7AA441AE2DCD3F6B00B57B84 /* HojaSeleccionarCliente.swift */; };
		7AA454DC2DA6EEFE001810A6 /* EditarReclamoView.swift in Sources */ = {isa = PBXBuildFile; fileRef = 7AA454DB2DA6EEFE001810A6 /* EditarReclamoView.swift */; };
		7AA6B13E2DC13C5400475FDF /* verOs.swift in Sources */ = {isa = PBXBuildFile; fileRef = 7AA6B13D2DC13C5400475FDF /* verOs.swift */; };
		7AA6B1402DC13CD200475FDF /* VerOsView.swift in Sources */ = {isa = PBXBuildFile; fileRef = 7AA6B13F2DC13CD200475FDF /* VerOsView.swift */; };
		7AA758742D6F8261007B2625 /* WelcomeView.swift in Sources */ = {isa = PBXBuildFile; fileRef = 7AA758732D6F8261007B2625 /* WelcomeView.swift */; };
		7AA758762D6F82DA007B2625 /* UsuariosView.swift in Sources */ = {isa = PBXBuildFile; fileRef = 7AA758752D6F82DA007B2625 /* UsuariosView.swift */; };
		7AA781A92D88B88A00A75481 /* enviarDatosRecibo.swift in Sources */ = {isa = PBXBuildFile; fileRef = 7AA781A82D88B88A00A75481 /* enviarDatosRecibo.swift */; };
		7AACDB7F2D67FB2A002B7636 /* iosApp2App.swift in Sources */ = {isa = PBXBuildFile; fileRef = 7AACDB7E2D67FB2A002B7636 /* iosApp2App.swift */; };
		7AACDB812D67FB2A002B7636 /* LoginView.swift in Sources */ = {isa = PBXBuildFile; fileRef = 7AACDB802D67FB2A002B7636 /* LoginView.swift */; };
		7AACDB832D67FB2D002B7636 /* Assets.xcassets in Resources */ = {isa = PBXBuildFile; fileRef = 7AACDB822D67FB2D002B7636 /* Assets.xcassets */; };
		7AACDB862D67FB2D002B7636 /* Preview Assets.xcassets in Resources */ = {isa = PBXBuildFile; fileRef = 7AACDB852D67FB2D002B7636 /* Preview Assets.xcassets */; };
		7AAF34362D8316C2001578EB /* CuentasView.swift in Sources */ = {isa = PBXBuildFile; fileRef = 7AAF34352D8316C2001578EB /* CuentasView.swift */; };
		7AAF34382D832497001578EB /* ComprobantesImputadosView.swift in Sources */ = {isa = PBXBuildFile; fileRef = 7AAF34372D832497001578EB /* ComprobantesImputadosView.swift */; };
		7AAF343A2D8331D2001578EB /* obtenerImputados.swift in Sources */ = {isa = PBXBuildFile; fileRef = 7AAF34392D8331D2001578EB /* obtenerImputados.swift */; };
		7AC57B1A2DD274E7000A9707 /* ListaEquiposViewModel.swift in Sources */ = {isa = PBXBuildFile; fileRef = 7AC57B192DD274E7000A9707 /* ListaEquiposViewModel.swift */; };
		7AC707B62DE1038900ACE427 /* ImagePicker.swift in Sources */ = {isa = PBXBuildFile; fileRef = 7AC707B52DE1038900ACE427 /* ImagePicker.swift */; };
		7AC707B82DE103BF00ACE427 /* PhotoUploaderViewModel.swift in Sources */ = {isa = PBXBuildFile; fileRef = 7AC707B72DE103BF00ACE427 /* PhotoUploaderViewModel.swift */; };
		7AC707BA2DE103E700ACE427 /* UploadPhotoView.swift in Sources */ = {isa = PBXBuildFile; fileRef = 7AC707B92DE103E700ACE427 /* UploadPhotoView.swift */; };
		7AC78BD72D946F9700537AD2 /* ClientesView.swift in Sources */ = {isa = PBXBuildFile; fileRef = 7AC78BD62D946F9600537AD2 /* ClientesView.swift */; };
		7AC78BD92D94704000537AD2 /* obtenerClientes.swift in Sources */ = {isa = PBXBuildFile; fileRef = 7AC78BD82D94704000537AD2 /* obtenerClientes.swift */; };
		7AC78BDB2D947FE600537AD2 /* AltaClienteView.swift in Sources */ = {isa = PBXBuildFile; fileRef = 7AC78BDA2D947FE600537AD2 /* AltaClienteView.swift */; };
		7ADB7D472D6CFEFF008FC2A0 /* obtenerTodosUsuarios.swift in Sources */ = {isa = PBXBuildFile; fileRef = 7ADB7D462D6CFEFF008FC2A0 /* obtenerTodosUsuarios.swift */; };
		7ADD41C02DC161D500E9E417 /* TmpOsView.swift in Sources */ = {isa = PBXBuildFile; fileRef = 7ADD41BF2DC161D500E9E417 /* TmpOsView.swift */; };
		7AE360D82D95BD0D0045D85D /* CircularButton.swift in Sources */ = {isa = PBXBuildFile; fileRef = 7AE360D72D95BD0D0045D85D /* CircularButton.swift */; };
		7AE360DA2D95C7050045D85D /* agregarCliente.swift in Sources */ = {isa = PBXBuildFile; fileRef = 7AE360D92D95C7050045D85D /* agregarCliente.swift */; };
		7AE360DC2D95D3090045D85D /* ModificarClienteView.swift in Sources */ = {isa = PBXBuildFile; fileRef = 7AE360DB2D95D3090045D85D /* ModificarClienteView.swift */; };
		7AE360DE2D95D99C0045D85D /* modificarCliente.swift in Sources */ = {isa = PBXBuildFile; fileRef = 7AE360DD2D95D99C0045D85D /* modificarCliente.swift */; };
		7AE38B172DA589FD00747B96 /* convertirHora.swift in Sources */ = {isa = PBXBuildFile; fileRef = 7AE38B162DA589FD00747B96 /* convertirHora.swift */; };
/* End PBXBuildFile section */

/* Begin PBXFileReference section */
		7A01525E2D8B4FB500361E17 /* numeroRandom.swift */ = {isa = PBXFileReference; lastKnownFileType = sourcecode.swift; path = numeroRandom.swift; sourceTree = "<group>"; };
		7A22D00F2DA46138004C2134 /* ReclamosView.swift */ = {isa = PBXFileReference; lastKnownFileType = sourcecode.swift; path = ReclamosView.swift; sourceTree = "<group>"; };
		7A27F4ED2DC15F9300EAFB94 /* tareasOs.swift */ = {isa = PBXFileReference; lastKnownFileType = sourcecode.swift; path = tareasOs.swift; sourceTree = "<group>"; };
		7A3ED90F2DA9A3C80085619D /* OrdenesServicioView.swift */ = {isa = PBXFileReference; lastKnownFileType = sourcecode.swift; path = OrdenesServicioView.swift; sourceTree = "<group>"; };
		7A3ED9112DA9A3FE0085619D /* obtenerOS.swift */ = {isa = PBXFileReference; lastKnownFileType = sourcecode.swift; path = obtenerOS.swift; sourceTree = "<group>"; };
		7A3FDCE92D7B5AF9002858CE /* ReciboSueldosView.swift */ = {isa = PBXFileReference; lastKnownFileType = sourcecode.swift; path = ReciboSueldosView.swift; sourceTree = "<group>"; };
		7A3FDCEB2D7B5D55002858CE /* obtenerRecibos.swift */ = {isa = PBXFileReference; lastKnownFileType = sourcecode.swift; path = obtenerRecibos.swift; sourceTree = "<group>"; };
		7A3FDCED2D7B5FEB002858CE /* AltaReciboView.swift */ = {isa = PBXFileReference; lastKnownFileType = sourcecode.swift; path = AltaReciboView.swift; sourceTree = "<group>"; };
		7A3FDCEF2D7B844A002858CE /* SeleccionUsuarioView.swift */ = {isa = PBXFileReference; lastKnownFileType = sourcecode.swift; path = SeleccionUsuarioView.swift; sourceTree = "<group>"; };
		7A4139EC2D97415C00601EB8 /* BackButton.swift */ = {isa = PBXFileReference; lastKnownFileType = sourcecode.swift; path = BackButton.swift; sourceTree = "<group>"; };
		7A4A1D352D8C8B3700C848E6 /* ConfigView.swift */ = {isa = PBXFileReference; lastKnownFileType = sourcecode.swift; path = ConfigView.swift; sourceTree = "<group>"; };
		7A4A1D372D8C9B7900C848E6 /* WelcomeVendedorView.swift */ = {isa = PBXFileReference; lastKnownFileType = sourcecode.swift; path = WelcomeVendedorView.swift; sourceTree = "<group>"; };
		7A50C7B72DE63C5300B4B20F /* EquiposView.swift */ = {isa = PBXFileReference; lastKnownFileType = sourcecode.swift; path = EquiposView.swift; sourceTree = "<group>"; };
		7A50C7B92DE63E5F00B4B20F /* obtenerEquipos.swift */ = {isa = PBXFileReference; lastKnownFileType = sourcecode.swift; path = obtenerEquipos.swift; sourceTree = "<group>"; };
		7A50C7BB2DE63F4D00B4B20F /* EquiposViewModel.swift */ = {isa = PBXFileReference; lastKnownFileType = sourcecode.swift; path = EquiposViewModel.swift; sourceTree = "<group>"; };
		7A50C7BD2DE6412300B4B20F /* ButtonState.swift */ = {isa = PBXFileReference; lastKnownFileType = sourcecode.swift; path = ButtonState.swift; sourceTree = "<group>"; };
		7A61A9CD2D7A1527008B70C5 /* AgendaView.swift */ = {isa = PBXFileReference; lastKnownFileType = sourcecode.swift; path = AgendaView.swift; sourceTree = "<group>"; };
		7A61A9CF2D7A210E008B70C5 /* obtenerReclamos.swift */ = {isa = PBXFileReference; lastKnownFileType = sourcecode.swift; path = obtenerReclamos.swift; sourceTree = "<group>"; };
		7A61A9D12D7A299C008B70C5 /* PrincipalView.swift */ = {isa = PBXFileReference; lastKnownFileType = sourcecode.swift; path = PrincipalView.swift; sourceTree = "<group>"; };
		7A899F902DCE760F0041C6BE /* IngresoView.swift */ = {isa = PBXFileReference; lastKnownFileType = sourcecode.swift; path = IngresoView.swift; sourceTree = "<group>"; };
		7A899F922DCE78A80041C6BE /* SelectorClientesView.swift */ = {isa = PBXFileReference; lastKnownFileType = sourcecode.swift; path = SelectorClientesView.swift; sourceTree = "<group>"; };
		7A899F962DCE88E10041C6BE /* ListaEquiposView.swift */ = {isa = PBXFileReference; lastKnownFileType = sourcecode.swift; path = ListaEquiposView.swift; sourceTree = "<group>"; };
		7AA441A72DCD25BF00B57B84 /* borrarOS.swift */ = {isa = PBXFileReference; lastKnownFileType = sourcecode.swift; path = borrarOS.swift; sourceTree = "<group>"; };
		7AA441A92DCD2FBE00B57B84 /* NuevaOS.swift */ = {isa = PBXFileReference; lastKnownFileType = sourcecode.swift; path = NuevaOS.swift; sourceTree = "<group>"; };
		7AA441AC2DCD38A300B57B84 /* ClientesViewModel.swift */ = {isa = PBXFileReference; lastKnownFileType = sourcecode.swift; path = ClientesViewModel.swift; sourceTree = "<group>"; };
		7AA441AE2DCD3F6B00B57B84 /* HojaSeleccionarCliente.swift */ = {isa = PBXFileReference; lastKnownFileType = sourcecode.swift; path = HojaSeleccionarCliente.swift; sourceTree = "<group>"; };
		7AA454DB2DA6EEFE001810A6 /* EditarReclamoView.swift */ = {isa = PBXFileReference; lastKnownFileType = sourcecode.swift; path = EditarReclamoView.swift; sourceTree = "<group>"; };
		7AA6B13D2DC13C5400475FDF /* verOs.swift */ = {isa = PBXFileReference; lastKnownFileType = sourcecode.swift; path = verOs.swift; sourceTree = "<group>"; };
		7AA6B13F2DC13CD200475FDF /* VerOsView.swift */ = {isa = PBXFileReference; lastKnownFileType = sourcecode.swift; path = VerOsView.swift; sourceTree = "<group>"; };
		7AA758732D6F8261007B2625 /* WelcomeView.swift */ = {isa = PBXFileReference; lastKnownFileType = sourcecode.swift; path = WelcomeView.swift; sourceTree = "<group>"; };
		7AA758752D6F82DA007B2625 /* UsuariosView.swift */ = {isa = PBXFileReference; lastKnownFileType = sourcecode.swift; path = UsuariosView.swift; sourceTree = "<group>"; };
		7AA781A82D88B88A00A75481 /* enviarDatosRecibo.swift */ = {isa = PBXFileReference; lastKnownFileType = sourcecode.swift; path = enviarDatosRecibo.swift; sourceTree = "<group>"; };
		7AACDB7B2D67FB2A002B7636 /* iosApp2.app */ = {isa = PBXFileReference; explicitFileType = wrapper.application; includeInIndex = 0; path = iosApp2.app; sourceTree = BUILT_PRODUCTS_DIR; };
		7AACDB7E2D67FB2A002B7636 /* iosApp2App.swift */ = {isa = PBXFileReference; lastKnownFileType = sourcecode.swift; path = iosApp2App.swift; sourceTree = "<group>"; };
		7AACDB802D67FB2A002B7636 /* LoginView.swift */ = {isa = PBXFileReference; lastKnownFileType = sourcecode.swift; path = LoginView.swift; sourceTree = "<group>"; };
		7AACDB822D67FB2D002B7636 /* Assets.xcassets */ = {isa = PBXFileReference; lastKnownFileType = folder.assetcatalog; path = Assets.xcassets; sourceTree = "<group>"; };
		7AACDB852D67FB2D002B7636 /* Preview Assets.xcassets */ = {isa = PBXFileReference; lastKnownFileType = folder.assetcatalog; path = "Preview Assets.xcassets"; sourceTree = "<group>"; };
		7AAF34352D8316C2001578EB /* CuentasView.swift */ = {isa = PBXFileReference; lastKnownFileType = sourcecode.swift; path = CuentasView.swift; sourceTree = "<group>"; };
		7AAF34372D832497001578EB /* ComprobantesImputadosView.swift */ = {isa = PBXFileReference; lastKnownFileType = sourcecode.swift; path = ComprobantesImputadosView.swift; sourceTree = "<group>"; };
		7AAF34392D8331D2001578EB /* obtenerImputados.swift */ = {isa = PBXFileReference; lastKnownFileType = sourcecode.swift; path = obtenerImputados.swift; sourceTree = "<group>"; };
		7AC57B192DD274E7000A9707 /* ListaEquiposViewModel.swift */ = {isa = PBXFileReference; lastKnownFileType = sourcecode.swift; path = ListaEquiposViewModel.swift; sourceTree = "<group>"; };
		7AC707B52DE1038900ACE427 /* ImagePicker.swift */ = {isa = PBXFileReference; lastKnownFileType = sourcecode.swift; path = ImagePicker.swift; sourceTree = "<group>"; };
		7AC707B72DE103BF00ACE427 /* PhotoUploaderViewModel.swift */ = {isa = PBXFileReference; lastKnownFileType = sourcecode.swift; path = PhotoUploaderViewModel.swift; sourceTree = "<group>"; };
		7AC707B92DE103E700ACE427 /* UploadPhotoView.swift */ = {isa = PBXFileReference; lastKnownFileType = sourcecode.swift; path = UploadPhotoView.swift; sourceTree = "<group>"; };
		7AC78BD62D946F9600537AD2 /* ClientesView.swift */ = {isa = PBXFileReference; lastKnownFileType = sourcecode.swift; path = ClientesView.swift; sourceTree = "<group>"; };
		7AC78BD82D94704000537AD2 /* obtenerClientes.swift */ = {isa = PBXFileReference; lastKnownFileType = sourcecode.swift; path = obtenerClientes.swift; sourceTree = "<group>"; };
		7AC78BDA2D947FE600537AD2 /* AltaClienteView.swift */ = {isa = PBXFileReference; lastKnownFileType = sourcecode.swift; path = AltaClienteView.swift; sourceTree = "<group>"; };
		7ADB7D462D6CFEFF008FC2A0 /* obtenerTodosUsuarios.swift */ = {isa = PBXFileReference; lastKnownFileType = sourcecode.swift; path = obtenerTodosUsuarios.swift; sourceTree = "<group>"; };
		7ADD41BF2DC161D500E9E417 /* TmpOsView.swift */ = {isa = PBXFileReference; lastKnownFileType = sourcecode.swift; path = TmpOsView.swift; sourceTree = "<group>"; };
		7ADE4A422DE4E0E100A50E94 /* Info.plist */ = {isa = PBXFileReference; lastKnownFileType = text.plist; path = Info.plist; sourceTree = "<group>"; };
		7AE360D72D95BD0D0045D85D /* CircularButton.swift */ = {isa = PBXFileReference; lastKnownFileType = sourcecode.swift; path = CircularButton.swift; sourceTree = "<group>"; };
		7AE360D92D95C7050045D85D /* agregarCliente.swift */ = {isa = PBXFileReference; lastKnownFileType = sourcecode.swift; path = agregarCliente.swift; sourceTree = "<group>"; };
		7AE360DB2D95D3090045D85D /* ModificarClienteView.swift */ = {isa = PBXFileReference; lastKnownFileType = sourcecode.swift; path = ModificarClienteView.swift; sourceTree = "<group>"; };
		7AE360DD2D95D99C0045D85D /* modificarCliente.swift */ = {isa = PBXFileReference; lastKnownFileType = sourcecode.swift; path = modificarCliente.swift; sourceTree = "<group>"; };
		7AE38B162DA589FD00747B96 /* convertirHora.swift */ = {isa = PBXFileReference; lastKnownFileType = sourcecode.swift; path = convertirHora.swift; sourceTree = "<group>"; };
/* End PBXFileReference section */

/* Begin PBXFrameworksBuildPhase section */
		7AACDB782D67FB2A002B7636 /* Frameworks */ = {
			isa = PBXFrameworksBuildPhase;
			buildActionMask = 2147483647;
			files = (
				7A8F49282D68E2F4004F3C77 /* MySQLKit in Frameworks */,
				7A1BE6572D67FC110063DC9E /* MySQLDriver in Frameworks */,
			);
			runOnlyForDeploymentPostprocessing = 0;
		};
/* End PBXFrameworksBuildPhase section */

/* Begin PBXGroup section */
		7AA441AB2DCD388700B57B84 /* ViewModels */ = {
			isa = PBXGroup;
			children = (
				7AC57B192DD274E7000A9707 /* ListaEquiposViewModel.swift */,
				7AA441AC2DCD38A300B57B84 /* ClientesViewModel.swift */,
				7A899F922DCE78A80041C6BE /* SelectorClientesView.swift */,
				7AC707B72DE103BF00ACE427 /* PhotoUploaderViewModel.swift */,
				7A50C7BB2DE63F4D00B4B20F /* EquiposViewModel.swift */,
			);
			path = ViewModels;
			sourceTree = "<group>";
		};
		7AA758722D6F81ED007B2625 /* views */ = {
			isa = PBXGroup;
			children = (
				7AA758752D6F82DA007B2625 /* UsuariosView.swift */,
				7AACDB802D67FB2A002B7636 /* LoginView.swift */,
				7AA758732D6F8261007B2625 /* WelcomeView.swift */,
				7A61A9CD2D7A1527008B70C5 /* AgendaView.swift */,
				7A61A9D12D7A299C008B70C5 /* PrincipalView.swift */,
				7A3FDCE92D7B5AF9002858CE /* ReciboSueldosView.swift */,
				7A3FDCED2D7B5FEB002858CE /* AltaReciboView.swift */,
				7A3FDCEF2D7B844A002858CE /* SeleccionUsuarioView.swift */,
				7AAF34352D8316C2001578EB /* CuentasView.swift */,
				7AAF34372D832497001578EB /* ComprobantesImputadosView.swift */,
				7AE360DB2D95D3090045D85D /* ModificarClienteView.swift */,
				7A4A1D352D8C8B3700C848E6 /* ConfigView.swift */,
				7A4A1D372D8C9B7900C848E6 /* WelcomeVendedorView.swift */,
				7AC78BD62D946F9600537AD2 /* ClientesView.swift */,
				7AC78BDA2D947FE600537AD2 /* AltaClienteView.swift */,
				7A22D00F2DA46138004C2134 /* ReclamosView.swift */,
				7AA454DB2DA6EEFE001810A6 /* EditarReclamoView.swift */,
				7A3ED90F2DA9A3C80085619D /* OrdenesServicioView.swift */,
				7AA6B13F2DC13CD200475FDF /* VerOsView.swift */,
				7ADD41BF2DC161D500E9E417 /* TmpOsView.swift */,
				7AA441A92DCD2FBE00B57B84 /* NuevaOS.swift */,
				7AA441AE2DCD3F6B00B57B84 /* HojaSeleccionarCliente.swift */,
				7A899F902DCE760F0041C6BE /* IngresoView.swift */,
				7A899F962DCE88E10041C6BE /* ListaEquiposView.swift */,
				7AC707B92DE103E700ACE427 /* UploadPhotoView.swift */,
				7A50C7B72DE63C5300B4B20F /* EquiposView.swift */,
			);
			path = views;
			sourceTree = "<group>";
		};
		7AACDB722D67FB2A002B7636 = {
			isa = PBXGroup;
			children = (
				7AACDB7D2D67FB2A002B7636 /* iosApp2 */,
				7AACDB7C2D67FB2A002B7636 /* Products */,
			);
			sourceTree = "<group>";
		};
		7AACDB7C2D67FB2A002B7636 /* Products */ = {
			isa = PBXGroup;
			children = (
				7AACDB7B2D67FB2A002B7636 /* iosApp2.app */,
			);
			name = Products;
			sourceTree = "<group>";
		};
		7AACDB7D2D67FB2A002B7636 /* iosApp2 */ = {
			isa = PBXGroup;
			children = (
				7ADE4A422DE4E0E100A50E94 /* Info.plist */,
				7AA441AB2DCD388700B57B84 /* ViewModels */,
				7AE360D62D95BCDD0045D85D /* components */,
				7AA758722D6F81ED007B2625 /* views */,
				7ADB7D452D6CFED8008FC2A0 /* functions */,
				7AACDB7E2D67FB2A002B7636 /* iosApp2App.swift */,
				7AACDB822D67FB2D002B7636 /* Assets.xcassets */,
				7AACDB842D67FB2D002B7636 /* Preview Content */,
			);
			path = iosApp2;
			sourceTree = "<group>";
		};
		7AACDB842D67FB2D002B7636 /* Preview Content */ = {
			isa = PBXGroup;
			children = (
				7AACDB852D67FB2D002B7636 /* Preview Assets.xcassets */,
			);
			path = "Preview Content";
			sourceTree = "<group>";
		};
		7ADB7D452D6CFED8008FC2A0 /* functions */ = {
			isa = PBXGroup;
			children = (
				7ADB7D462D6CFEFF008FC2A0 /* obtenerTodosUsuarios.swift */,
				7A61A9CF2D7A210E008B70C5 /* obtenerReclamos.swift */,
				7A3FDCEB2D7B5D55002858CE /* obtenerRecibos.swift */,
				7AAF34392D8331D2001578EB /* obtenerImputados.swift */,
				7AA781A82D88B88A00A75481 /* enviarDatosRecibo.swift */,
				7A01525E2D8B4FB500361E17 /* numeroRandom.swift */,
				7AC78BD82D94704000537AD2 /* obtenerClientes.swift */,
				7AE360D92D95C7050045D85D /* agregarCliente.swift */,
				7AE360DD2D95D99C0045D85D /* modificarCliente.swift */,
				7AE38B162DA589FD00747B96 /* convertirHora.swift */,
				7A3ED9112DA9A3FE0085619D /* obtenerOS.swift */,
				7AA6B13D2DC13C5400475FDF /* verOs.swift */,
				7A27F4ED2DC15F9300EAFB94 /* tareasOs.swift */,
				7AA441A72DCD25BF00B57B84 /* borrarOS.swift */,
				7AC707B52DE1038900ACE427 /* ImagePicker.swift */,
				7A50C7B92DE63E5F00B4B20F /* obtenerEquipos.swift */,
			);
			path = functions;
			sourceTree = "<group>";
		};
		7AE360D62D95BCDD0045D85D /* components */ = {
			isa = PBXGroup;
			children = (
				7AE360D72D95BD0D0045D85D /* CircularButton.swift */,
				7A4139EC2D97415C00601EB8 /* BackButton.swift */,
				7A50C7BD2DE6412300B4B20F /* ButtonState.swift */,
			);
			path = components;
			sourceTree = "<group>";
		};
/* End PBXGroup section */

/* Begin PBXNativeTarget section */
		7AACDB7A2D67FB2A002B7636 /* iosApp2 */ = {
			isa = PBXNativeTarget;
			buildConfigurationList = 7AACDB892D67FB2D002B7636 /* Build configuration list for PBXNativeTarget "iosApp2" */;
			buildPhases = (
				7AACDB772D67FB2A002B7636 /* Sources */,
				7AACDB782D67FB2A002B7636 /* Frameworks */,
				7AACDB792D67FB2A002B7636 /* Resources */,
			);
			buildRules = (
			);
			dependencies = (
			);
			name = iosApp2;
			packageProductDependencies = (
				7A1BE6562D67FC110063DC9E /* MySQLDriver */,
				7A8F49272D68E2F4004F3C77 /* MySQLKit */,
			);
			productName = iosApp2;
			productReference = 7AACDB7B2D67FB2A002B7636 /* iosApp2.app */;
			productType = "com.apple.product-type.application";
		};
/* End PBXNativeTarget section */

/* Begin PBXProject section */
		7AACDB732D67FB2A002B7636 /* Project object */ = {
			isa = PBXProject;
			attributes = {
				BuildIndependentTargetsInParallel = 1;
				LastSwiftUpdateCheck = 1500;
				LastUpgradeCheck = 1500;
				TargetAttributes = {
					7AACDB7A2D67FB2A002B7636 = {
						CreatedOnToolsVersion = 15.0.1;
					};
				};
			};
			buildConfigurationList = 7AACDB762D67FB2A002B7636 /* Build configuration list for PBXProject "iosApp2" */;
			compatibilityVersion = "Xcode 15.0";
			developmentRegion = en;
			hasScannedForEncodings = 0;
			knownRegions = (
				en,
				Base,
			);
			mainGroup = 7AACDB722D67FB2A002B7636;
			packageReferences = (
				7A1BE6552D67FC110063DC9E /* XCLocalSwiftPackageReference "../../Documents/MySqlSwiftNative" */,
				7A8F49262D68E2F4004F3C77 /* XCRemoteSwiftPackageReference "mysql-kit" */,
			);
			productRefGroup = 7AACDB7C2D67FB2A002B7636 /* Products */;
			projectDirPath = "";
			projectRoot = "";
			targets = (
				7AACDB7A2D67FB2A002B7636 /* iosApp2 */,
			);
		};
/* End PBXProject section */

/* Begin PBXResourcesBuildPhase section */
		7AACDB792D67FB2A002B7636 /* Resources */ = {
			isa = PBXResourcesBuildPhase;
			buildActionMask = 2147483647;
			files = (
				7AACDB862D67FB2D002B7636 /* Preview Assets.xcassets in Resources */,
				7AACDB832D67FB2D002B7636 /* Assets.xcassets in Resources */,
			);
			runOnlyForDeploymentPostprocessing = 0;
		};
/* End PBXResourcesBuildPhase section */

/* Begin PBXSourcesBuildPhase section */
		7AACDB772D67FB2A002B7636 /* Sources */ = {
			isa = PBXSourcesBuildPhase;
			buildActionMask = 2147483647;
			files = (
				7AA441AD2DCD38A300B57B84 /* ClientesViewModel.swift in Sources */,
				7AAF34362D8316C2001578EB /* CuentasView.swift in Sources */,
				7A899F932DCE78A80041C6BE /* SelectorClientesView.swift in Sources */,
				7AE360DE2D95D99C0045D85D /* modificarCliente.swift in Sources */,
				7AACDB812D67FB2A002B7636 /* LoginView.swift in Sources */,
				7A3ED9122DA9A3FE0085619D /* obtenerOS.swift in Sources */,
				7AA441AF2DCD3F6B00B57B84 /* HojaSeleccionarCliente.swift in Sources */,
				7AA6B13E2DC13C5400475FDF /* verOs.swift in Sources */,
				7A27F4EE2DC15F9300EAFB94 /* tareasOs.swift in Sources */,
				7A3ED9102DA9A3C80085619D /* OrdenesServicioView.swift in Sources */,
				7AE360DC2D95D3090045D85D /* ModificarClienteView.swift in Sources */,
				7ADB7D472D6CFEFF008FC2A0 /* obtenerTodosUsuarios.swift in Sources */,
				7AC707B62DE1038900ACE427 /* ImagePicker.swift in Sources */,
				7AC78BD72D946F9700537AD2 /* ClientesView.swift in Sources */,
				7A61A9CE2D7A1527008B70C5 /* AgendaView.swift in Sources */,
				7AAF34382D832497001578EB /* ComprobantesImputadosView.swift in Sources */,
				7AAF343A2D8331D2001578EB /* obtenerImputados.swift in Sources */,
				7AE360D82D95BD0D0045D85D /* CircularButton.swift in Sources */,
				7A50C7BA2DE63E5F00B4B20F /* obtenerEquipos.swift in Sources */,
				7A3FDCEC2D7B5D55002858CE /* obtenerRecibos.swift in Sources */,
				7AA441AA2DCD2FBE00B57B84 /* NuevaOS.swift in Sources */,
				7A01525F2D8B4FB500361E17 /* numeroRandom.swift in Sources */,
				7A61A9D22D7A299C008B70C5 /* PrincipalView.swift in Sources */,
				7A899F912DCE760F0041C6BE /* IngresoView.swift in Sources */,
				7AC57B1A2DD274E7000A9707 /* ListaEquiposViewModel.swift in Sources */,
				7A899F972DCE88E10041C6BE /* ListaEquiposView.swift in Sources */,
				7A50C7BE2DE6412300B4B20F /* ButtonState.swift in Sources */,
				7AC707B82DE103BF00ACE427 /* PhotoUploaderViewModel.swift in Sources */,
				7A4A1D382D8C9B7900C848E6 /* WelcomeVendedorView.swift in Sources */,
				7AE38B172DA589FD00747B96 /* convertirHora.swift in Sources */,
				7AE360DA2D95C7050045D85D /* agregarCliente.swift in Sources */,
				7AA758762D6F82DA007B2625 /* UsuariosView.swift in Sources */,
				7A4A1D362D8C8B3700C848E6 /* ConfigView.swift in Sources */,
				7A3FDCEA2D7B5AF9002858CE /* ReciboSueldosView.swift in Sources */,
				7AA6B1402DC13CD200475FDF /* VerOsView.swift in Sources */,
				7AACDB7F2D67FB2A002B7636 /* iosApp2App.swift in Sources */,
				7AA454DC2DA6EEFE001810A6 /* EditarReclamoView.swift in Sources */,
				7AC78BDB2D947FE600537AD2 /* AltaClienteView.swift in Sources */,
				7A3FDCEE2D7B5FEB002858CE /* AltaReciboView.swift in Sources */,
				7ADD41C02DC161D500E9E417 /* TmpOsView.swift in Sources */,
				7AA441A82DCD25BF00B57B84 /* borrarOS.swift in Sources */,
				7AA781A92D88B88A00A75481 /* enviarDatosRecibo.swift in Sources */,
				7AC78BD92D94704000537AD2 /* obtenerClientes.swift in Sources */,
				7A4139ED2D97415D00601EB8 /* BackButton.swift in Sources */,
				7A3FDCF02D7B844A002858CE /* SeleccionUsuarioView.swift in Sources */,
				7AA758742D6F8261007B2625 /* WelcomeView.swift in Sources */,
				7A22D0102DA46138004C2134 /* ReclamosView.swift in Sources */,
				7A50C7B82DE63C5300B4B20F /* EquiposView.swift in Sources */,
				7AC707BA2DE103E700ACE427 /* UploadPhotoView.swift in Sources */,
				7A61A9D02D7A210E008B70C5 /* obtenerReclamos.swift in Sources */,
				7A50C7BC2DE63F4D00B4B20F /* EquiposViewModel.swift in Sources */,
			);
			runOnlyForDeploymentPostprocessing = 0;
		};
/* End PBXSourcesBuildPhase section */

/* Begin XCBuildConfiguration section */
		7AACDB872D67FB2D002B7636 /* Debug */ = {
			isa = XCBuildConfiguration;
			buildSettings = {
				ALWAYS_SEARCH_USER_PATHS = NO;
				ASSETCATALOG_COMPILER_GENERATE_SWIFT_ASSET_SYMBOL_EXTENSIONS = YES;
				CLANG_ANALYZER_NONNULL = YES;
				CLANG_ANALYZER_NUMBER_OBJECT_CONVERSION = YES_AGGRESSIVE;
				CLANG_CXX_LANGUAGE_STANDARD = "gnu++20";
				CLANG_ENABLE_MODULES = YES;
				CLANG_ENABLE_OBJC_ARC = YES;
				CLANG_ENABLE_OBJC_WEAK = YES;
				CLANG_WARN_BLOCK_CAPTURE_AUTORELEASING = YES;
				CLANG_WARN_BOOL_CONVERSION = YES;
				CLANG_WARN_COMMA = YES;
				CLANG_WARN_CONSTANT_CONVERSION = YES;
				CLANG_WARN_DEPRECATED_OBJC_IMPLEMENTATIONS = YES;
				CLANG_WARN_DIRECT_OBJC_ISA_USAGE = YES_ERROR;
				CLANG_WARN_DOCUMENTATION_COMMENTS = YES;
				CLANG_WARN_EMPTY_BODY = YES;
				CLANG_WARN_ENUM_CONVERSION = YES;
				CLANG_WARN_INFINITE_RECURSION = YES;
				CLANG_WARN_INT_CONVERSION = YES;
				CLANG_WARN_NON_LITERAL_NULL_CONVERSION = YES;
				CLANG_WARN_OBJC_IMPLICIT_RETAIN_SELF = YES;
				CLANG_WARN_OBJC_LITERAL_CONVERSION = YES;
				CLANG_WARN_OBJC_ROOT_CLASS = YES_ERROR;
				CLANG_WARN_QUOTED_INCLUDE_IN_FRAMEWORK_HEADER = YES;
				CLANG_WARN_RANGE_LOOP_ANALYSIS = YES;
				CLANG_WARN_STRICT_PROTOTYPES = YES;
				CLANG_WARN_SUSPICIOUS_MOVE = YES;
				CLANG_WARN_UNGUARDED_AVAILABILITY = YES_AGGRESSIVE;
				CLANG_WARN_UNREACHABLE_CODE = YES;
				CLANG_WARN__DUPLICATE_METHOD_MATCH = YES;
				COPY_PHASE_STRIP = NO;
				DEBUG_INFORMATION_FORMAT = dwarf;
				ENABLE_STRICT_OBJC_MSGSEND = YES;
				ENABLE_TESTABILITY = YES;
				ENABLE_USER_SCRIPT_SANDBOXING = YES;
				GCC_C_LANGUAGE_STANDARD = gnu17;
				GCC_DYNAMIC_NO_PIC = NO;
				GCC_NO_COMMON_BLOCKS = YES;
				GCC_OPTIMIZATION_LEVEL = 0;
				GCC_PREPROCESSOR_DEFINITIONS = (
					"DEBUG=1",
					"$(inherited)",
				);
				GCC_WARN_64_TO_32_BIT_CONVERSION = YES;
				GCC_WARN_ABOUT_RETURN_TYPE = YES_ERROR;
				GCC_WARN_UNDECLARED_SELECTOR = YES;
				GCC_WARN_UNINITIALIZED_AUTOS = YES_AGGRESSIVE;
				GCC_WARN_UNUSED_FUNCTION = YES;
				GCC_WARN_UNUSED_VARIABLE = YES;
				IPHONEOS_DEPLOYMENT_TARGET = 15.0;
				LOCALIZATION_PREFERS_STRING_CATALOGS = YES;
				MTL_ENABLE_DEBUG_INFO = INCLUDE_SOURCE;
				MTL_FAST_MATH = YES;
				ONLY_ACTIVE_ARCH = YES;
				SDKROOT = iphoneos;
				SWIFT_ACTIVE_COMPILATION_CONDITIONS = "DEBUG $(inherited)";
				SWIFT_OPTIMIZATION_LEVEL = "-Onone";
			};
			name = Debug;
		};
		7AACDB882D67FB2D002B7636 /* Release */ = {
			isa = XCBuildConfiguration;
			buildSettings = {
				ALWAYS_SEARCH_USER_PATHS = NO;
				ASSETCATALOG_COMPILER_GENERATE_SWIFT_ASSET_SYMBOL_EXTENSIONS = YES;
				CLANG_ANALYZER_NONNULL = YES;
				CLANG_ANALYZER_NUMBER_OBJECT_CONVERSION = YES_AGGRESSIVE;
				CLANG_CXX_LANGUAGE_STANDARD = "gnu++20";
				CLANG_ENABLE_MODULES = YES;
				CLANG_ENABLE_OBJC_ARC = YES;
				CLANG_ENABLE_OBJC_WEAK = YES;
				CLANG_WARN_BLOCK_CAPTURE_AUTORELEASING = YES;
				CLANG_WARN_BOOL_CONVERSION = YES;
				CLANG_WARN_COMMA = YES;
				CLANG_WARN_CONSTANT_CONVERSION = YES;
				CLANG_WARN_DEPRECATED_OBJC_IMPLEMENTATIONS = YES;
				CLANG_WARN_DIRECT_OBJC_ISA_USAGE = YES_ERROR;
				CLANG_WARN_DOCUMENTATION_COMMENTS = YES;
				CLANG_WARN_EMPTY_BODY = YES;
				CLANG_WARN_ENUM_CONVERSION = YES;
				CLANG_WARN_INFINITE_RECURSION = YES;
				CLANG_WARN_INT_CONVERSION = YES;
				CLANG_WARN_NON_LITERAL_NULL_CONVERSION = YES;
				CLANG_WARN_OBJC_IMPLICIT_RETAIN_SELF = YES;
				CLANG_WARN_OBJC_LITERAL_CONVERSION = YES;
				CLANG_WARN_OBJC_ROOT_CLASS = YES_ERROR;
				CLANG_WARN_QUOTED_INCLUDE_IN_FRAMEWORK_HEADER = YES;
				CLANG_WARN_RANGE_LOOP_ANALYSIS = YES;
				CLANG_WARN_STRICT_PROTOTYPES = YES;
				CLANG_WARN_SUSPICIOUS_MOVE = YES;
				CLANG_WARN_UNGUARDED_AVAILABILITY = YES_AGGRESSIVE;
				CLANG_WARN_UNREACHABLE_CODE = YES;
				CLANG_WARN__DUPLICATE_METHOD_MATCH = YES;
				COPY_PHASE_STRIP = NO;
				DEBUG_INFORMATION_FORMAT = "dwarf-with-dsym";
				ENABLE_NS_ASSERTIONS = NO;
				ENABLE_STRICT_OBJC_MSGSEND = YES;
				ENABLE_USER_SCRIPT_SANDBOXING = YES;
				GCC_C_LANGUAGE_STANDARD = gnu17;
				GCC_NO_COMMON_BLOCKS = YES;
				GCC_WARN_64_TO_32_BIT_CONVERSION = YES;
				GCC_WARN_ABOUT_RETURN_TYPE = YES_ERROR;
				GCC_WARN_UNDECLARED_SELECTOR = YES;
				GCC_WARN_UNINITIALIZED_AUTOS = YES_AGGRESSIVE;
				GCC_WARN_UNUSED_FUNCTION = YES;
				GCC_WARN_UNUSED_VARIABLE = YES;
				IPHONEOS_DEPLOYMENT_TARGET = 15.0;
				LOCALIZATION_PREFERS_STRING_CATALOGS = YES;
				MTL_ENABLE_DEBUG_INFO = NO;
				MTL_FAST_MATH = YES;
				SDKROOT = iphoneos;
				SWIFT_COMPILATION_MODE = wholemodule;
				VALIDATE_PRODUCT = YES;
			};
			name = Release;
		};
		7AACDB8A2D67FB2D002B7636 /* Debug */ = {
			isa = XCBuildConfiguration;
			buildSettings = {
				ASSETCATALOG_COMPILER_APPICON_NAME = AppIcon;
				ASSETCATALOG_COMPILER_GLOBAL_ACCENT_COLOR_NAME = AccentColor;
				CODE_SIGN_STYLE = Automatic;
				CURRENT_PROJECT_VERSION = 1;
				DEVELOPMENT_ASSET_PATHS = "\"iosApp2/Preview Content\"";
				DEVELOPMENT_TEAM = 79VJWQ8VQ5;
				ENABLE_PREVIEWS = YES;
				GENERATE_INFOPLIST_FILE = YES;
				INFOPLIST_FILE = iosApp2/Info.plist;
				INFOPLIST_KEY_LSApplicationCategoryType = "";
				INFOPLIST_KEY_NSCameraUsageDescription = "Esta app necesita acceso a tu cámara para tomar fotos de ascensores y documentos";
				INFOPLIST_KEY_NSPhotoLibraryAddUsageDescription = "Esta app necesita acceso para guardar fotos directamente en tu fototeca.";
				INFOPLIST_KEY_NSPhotoLibraryUsageDescription = "Esta app necesita acceso a tu fototeca para que puedas seleccionar fotos existentes";
				INFOPLIST_KEY_UIApplicationSceneManifest_Generation = YES;
				INFOPLIST_KEY_UIApplicationSupportsIndirectInputEvents = YES;
				INFOPLIST_KEY_UILaunchScreen_Generation = YES;
				INFOPLIST_KEY_UISupportedInterfaceOrientations_iPad = "UIInterfaceOrientationPortrait UIInterfaceOrientationPortraitUpsideDown UIInterfaceOrientationLandscapeLeft UIInterfaceOrientationLandscapeRight";
				INFOPLIST_KEY_UISupportedInterfaceOrientations_iPhone = "UIInterfaceOrientationPortrait UIInterfaceOrientationLandscapeLeft UIInterfaceOrientationLandscapeRight";
				LD_RUNPATH_SEARCH_PATHS = (
					"$(inherited)",
					"@executable_path/Frameworks",
				);
				MARKETING_VERSION = 1.0;
				PRODUCT_BUNDLE_IDENTIFIER = unoNT.iosApp2;
				PRODUCT_NAME = "$(TARGET_NAME)";
				SWIFT_EMIT_LOC_STRINGS = YES;
				SWIFT_VERSION = 5.0;
				TARGETED_DEVICE_FAMILY = "1,2";
			};
			name = Debug;
		};
		7AACDB8B2D67FB2D002B7636 /* Release */ = {
			isa = XCBuildConfiguration;
			buildSettings = {
				ASSETCATALOG_COMPILER_APPICON_NAME = AppIcon;
				ASSETCATALOG_COMPILER_GLOBAL_ACCENT_COLOR_NAME = AccentColor;
				CODE_SIGN_STYLE = Automatic;
				CURRENT_PROJECT_VERSION = 1;
				DEVELOPMENT_ASSET_PATHS = "\"iosApp2/Preview Content\"";
				DEVELOPMENT_TEAM = 79VJWQ8VQ5;
				ENABLE_PREVIEWS = YES;
				GENERATE_INFOPLIST_FILE = YES;
				INFOPLIST_FILE = iosApp2/Info.plist;
				INFOPLIST_KEY_LSApplicationCategoryType = "";
				INFOPLIST_KEY_NSCameraUsageDescription = "Esta app necesita acceso a tu cámara para tomar fotos de ascensores y documentos";
				INFOPLIST_KEY_NSPhotoLibraryAddUsageDescription = "Esta app necesita acceso para guardar fotos directamente en tu fototeca.";
				INFOPLIST_KEY_NSPhotoLibraryUsageDescription = "Esta app necesita acceso a tu fototeca para que puedas seleccionar fotos existentes";
				INFOPLIST_KEY_UIApplicationSceneManifest_Generation = YES;
				INFOPLIST_KEY_UIApplicationSupportsIndirectInputEvents = YES;
				INFOPLIST_KEY_UILaunchScreen_Generation = YES;
				INFOPLIST_KEY_UISupportedInterfaceOrientations_iPad = "UIInterfaceOrientationPortrait UIInterfaceOrientationPortraitUpsideDown UIInterfaceOrientationLandscapeLeft UIInterfaceOrientationLandscapeRight";
				INFOPLIST_KEY_UISupportedInterfaceOrientations_iPhone = "UIInterfaceOrientationPortrait UIInterfaceOrientationLandscapeLeft UIInterfaceOrientationLandscapeRight";
				LD_RUNPATH_SEARCH_PATHS = (
					"$(inherited)",
					"@executable_path/Frameworks",
				);
				MARKETING_VERSION = 1.0;
				PRODUCT_BUNDLE_IDENTIFIER = unoNT.iosApp2;
				PRODUCT_NAME = "$(TARGET_NAME)";
				SWIFT_EMIT_LOC_STRINGS = YES;
				SWIFT_VERSION = 5.0;
				TARGETED_DEVICE_FAMILY = "1,2";
			};
			name = Release;
		};
/* End XCBuildConfiguration section */

/* Begin XCConfigurationList section */
		7AACDB762D67FB2A002B7636 /* Build configuration list for PBXProject "iosApp2" */ = {
			isa = XCConfigurationList;
			buildConfigurations = (
				7AACDB872D67FB2D002B7636 /* Debug */,
				7AACDB882D67FB2D002B7636 /* Release */,
			);
			defaultConfigurationIsVisible = 0;
			defaultConfigurationName = Release;
		};
		7AACDB892D67FB2D002B7636 /* Build configuration list for PBXNativeTarget "iosApp2" */ = {
			isa = XCConfigurationList;
			buildConfigurations = (
				7AACDB8A2D67FB2D002B7636 /* Debug */,
				7AACDB8B2D67FB2D002B7636 /* Release */,
			);
			defaultConfigurationIsVisible = 0;
			defaultConfigurationName = Release;
		};
/* End XCConfigurationList section */

/* Begin XCLocalSwiftPackageReference section */
		7A1BE6552D67FC110063DC9E /* XCLocalSwiftPackageReference "../../Documents/MySqlSwiftNative" */ = {
			isa = XCLocalSwiftPackageReference;
			relativePath = ../../Documents/MySqlSwiftNative;
		};
/* End XCLocalSwiftPackageReference section */

/* Begin XCRemoteSwiftPackageReference section */
		7A8F49262D68E2F4004F3C77 /* XCRemoteSwiftPackageReference "mysql-kit" */ = {
			isa = XCRemoteSwiftPackageReference;
			repositoryURL = "https://github.com/vapor/mysql-kit.git";
			requirement = {
				kind = upToNextMajorVersion;
				minimumVersion = 4.9.0;
			};
		};
/* End XCRemoteSwiftPackageReference section */

/* Begin XCSwiftPackageProductDependency section */
		7A1BE6562D67FC110063DC9E /* MySQLDriver */ = {
			isa = XCSwiftPackageProductDependency;
			productName = MySQLDriver;
		};
		7A8F49272D68E2F4004F3C77 /* MySQLKit */ = {
			isa = XCSwiftPackageProductDependency;
			package = 7A8F49262D68E2F4004F3C77 /* XCRemoteSwiftPackageReference "mysql-kit" */;
			productName = MySQLKit;
		};
/* End XCSwiftPackageProductDependency section */
	};
	rootObject = 7AACDB732D67FB2A002B7636 /* Project object */;
}
